
Microsoft Visual Studio Solution File, Format Version 12.00
# Visual Studio 14
VisualStudioVersion = 14.0.25420.1
MinimumVisualStudioVersion = 10.0.40219.1
Project("{2150E333-8FDC-42A3-9474-1A3956D46DE8}") = "src", "src", "{870FA8D1-9BB4-43F0-BE37-CF5B0E927FA7}"
EndProject
Project("{8BB2217D-0F2D-49D1-97BC-3654ED321F3B}") = "CloudNsLib", "src\CloudNsLib\CloudNsLib.xproj", "{979A072C-C70E-40FF-B4C3-44AB5481FAC3}"
EndProject
Project("{8BB2217D-0F2D-49D1-97BC-3654ED321F3B}") = "CloudNsLibTests", "src\CloudNsLibTests\CloudNsLibTests.xproj", "{E52F9704-1386-4EB4-89C2-69473BA33CFE}"
EndProject
Project("{8BB2217D-0F2D-49D1-97BC-3654ED321F3B}") = "TestApplication", "src\TestApplication\TestApplication.xproj", "{3850BD9F-6185-4916-9F2F-550DBB298572}"
EndProject
Global
	GlobalSection(SolutionConfigurationPlatforms) = preSolution
		Debug|Any CPU = Debug|Any CPU
		Release|Any CPU = Release|Any CPU
	EndGlobalSection
	GlobalSection(ProjectConfigurationPlatforms) = postSolution
		{979A072C-C70E-40FF-B4C3-44AB5481FAC3}.Debug|Any CPU.ActiveCfg = Debug|Any CPU
		{979A072C-C70E-40FF-B4C3-44AB5481FAC3}.Debug|Any CPU.Build.0 = Debug|Any CPU
		{979A072C-C70E-40FF-B4C3-44AB5481FAC3}.Release|Any CPU.ActiveCfg = Release|Any CPU
		{979A072C-C70E-40FF-B4C3-44AB5481FAC3}.Release|Any CPU.Build.0 = Release|Any CPU
		{E52F9704-1386-4EB4-89C2-69473BA33CFE}.Debug|Any CPU.ActiveCfg = Debug|Any CPU
		{E52F9704-1386-4EB4-89C2-69473BA33CFE}.Debug|Any CPU.Build.0 = Debug|Any CPU
		{E52F9704-1386-4EB4-89C2-69473BA33CFE}.Release|Any CPU.ActiveCfg = Release|Any CPU
		{E52F9704-1386-4EB4-89C2-69473BA33CFE}.Release|Any CPU.Build.0 = Release|Any CPU
		{3850BD9F-6185-4916-9F2F-550DBB298572}.Debug|Any CPU.ActiveCfg = Debug|Any CPU
		{3850BD9F-6185-4916-9F2F-550DBB298572}.Debug|Any CPU.Build.0 = Debug|Any CPU
		{3850BD9F-6185-4916-9F2F-550DBB298572}.Release|Any CPU.ActiveCfg = Release|Any CPU
		{3850BD9F-6185-4916-9F2F-550DBB298572}.Release|Any CPU.Build.0 = Release|Any CPU
	EndGlobalSection
	GlobalSection(SolutionProperties) = preSolution
		HideSolutionNode = FALSE
	EndGlobalSection
	GlobalSection(NestedProjects) = preSolution
		{979A072C-C70E-40FF-B4C3-44AB5481FAC3} = {870FA8D1-9BB4-43F0-BE37-CF5B0E927FA7}
		{E52F9704-1386-4EB4-89C2-69473BA33CFE} = {870FA8D1-9BB4-43F0-BE37-CF5B0E927FA7}
		{3850BD9F-6185-4916-9F2F-550DBB298572} = {870FA8D1-9BB4-43F0-BE37-CF5B0E927FA7}
	EndGlobalSection
EndGlobal
