
Microsoft Visual Studio Solution File, Format Version 12.00
# Visual Studio 15
VisualStudioVersion = 15.0.26124.0
MinimumVisualStudioVersion = 15.0.26124.0
Project("{2150E333-8FDC-42A3-9474-1A3956D46DE8}") = "src", "src", "{86C4706C-589A-4B97-9ADC-9719ACA22FB8}"
EndProject
Project("{9A19103F-16F7-4668-BE54-9A1E7A4F7556}") = "MBW.Clients.CloudNsLib", "src\MBW.Clients.CloudNsLib\MBW.Clients.CloudNsLib.csproj", "{730FB582-3EBC-417B-BD09-232B857C4E3D}"
EndProject
Project("{9A19103F-16F7-4668-BE54-9A1E7A4F7556}") = "MBW.Clients.CloudNsLib.TestApplication", "src\MBW.Clients.CloudNsLib.TestApplication\MBW.Clients.CloudNsLib.TestApplication.csproj", "{5DD3549C-DFAC-4A42-90A4-8E6B4632ABF7}"
EndProject
Project("{9A19103F-16F7-4668-BE54-9A1E7A4F7556}") = "MBW.Clients.CloudNsLib.Tests", "src\MBW.Clients.CloudNsLib.Tests\MBW.Clients.CloudNsLib.Tests.csproj", "{C4844196-B82A-40B6-AC97-E027549BE893}"
EndProject
Project("{2150E333-8FDC-42A3-9474-1A3956D46DE8}") = "Solution Items", "Solution Items", "{3F157F19-E300-4899-9E32-AF1BB6D5A958}"
	ProjectSection(SolutionItems) = preProject
		.gitlab-ci.yml = .gitlab-ci.yml
		README.md = README.md
	EndProjectSection
EndProject
Project("{2150E333-8FDC-42A3-9474-1A3956D46DE8}") = "imports", "imports", "{5A02F05D-374B-4E6A-9A04-41118D95BF05}"
	ProjectSection(SolutionItems) = preProject
		imports\_Properties.targets = imports\_Properties.targets
		imports\_SourceLink.targets = imports\_SourceLink.targets
		imports\Library.targets = imports\Library.targets
		imports\Test.targets = imports\Test.targets
	EndProjectSection
EndProject
Global
	GlobalSection(SolutionConfigurationPlatforms) = preSolution
		Debug|Any CPU = Debug|Any CPU
		Debug|x64 = Debug|x64
		Debug|x86 = Debug|x86
		Release|Any CPU = Release|Any CPU
		Release|x64 = Release|x64
		Release|x86 = Release|x86
	EndGlobalSection
	GlobalSection(ProjectConfigurationPlatforms) = postSolution
		{730FB582-3EBC-417B-BD09-232B857C4E3D}.Debug|Any CPU.ActiveCfg = Debug|Any CPU
		{730FB582-3EBC-417B-BD09-232B857C4E3D}.Debug|Any CPU.Build.0 = Debug|Any CPU
		{730FB582-3EBC-417B-BD09-232B857C4E3D}.Debug|x64.ActiveCfg = Debug|Any CPU
		{730FB582-3EBC-417B-BD09-232B857C4E3D}.Debug|x64.Build.0 = Debug|Any CPU
		{730FB582-3EBC-417B-BD09-232B857C4E3D}.Debug|x86.ActiveCfg = Debug|Any CPU
		{730FB582-3EBC-417B-BD09-232B857C4E3D}.Debug|x86.Build.0 = Debug|Any CPU
		{730FB582-3EBC-417B-BD09-232B857C4E3D}.Release|Any CPU.ActiveCfg = Release|Any CPU
		{730FB582-3EBC-417B-BD09-232B857C4E3D}.Release|Any CPU.Build.0 = Release|Any CPU
		{730FB582-3EBC-417B-BD09-232B857C4E3D}.Release|x64.ActiveCfg = Release|Any CPU
		{730FB582-3EBC-417B-BD09-232B857C4E3D}.Release|x64.Build.0 = Release|Any CPU
		{730FB582-3EBC-417B-BD09-232B857C4E3D}.Release|x86.ActiveCfg = Release|Any CPU
		{730FB582-3EBC-417B-BD09-232B857C4E3D}.Release|x86.Build.0 = Release|Any CPU
		{5DD3549C-DFAC-4A42-90A4-8E6B4632ABF7}.Debug|Any CPU.ActiveCfg = Debug|Any CPU
		{5DD3549C-DFAC-4A42-90A4-8E6B4632ABF7}.Debug|Any CPU.Build.0 = Debug|Any CPU
		{5DD3549C-DFAC-4A42-90A4-8E6B4632ABF7}.Debug|x64.ActiveCfg = Debug|Any CPU
		{5DD3549C-DFAC-4A42-90A4-8E6B4632ABF7}.Debug|x64.Build.0 = Debug|Any CPU
		{5DD3549C-DFAC-4A42-90A4-8E6B4632ABF7}.Debug|x86.ActiveCfg = Debug|Any CPU
		{5DD3549C-DFAC-4A42-90A4-8E6B4632ABF7}.Debug|x86.Build.0 = Debug|Any CPU
		{5DD3549C-DFAC-4A42-90A4-8E6B4632ABF7}.Release|Any CPU.ActiveCfg = Release|Any CPU
		{5DD3549C-DFAC-4A42-90A4-8E6B4632ABF7}.Release|Any CPU.Build.0 = Release|Any CPU
		{5DD3549C-DFAC-4A42-90A4-8E6B4632ABF7}.Release|x64.ActiveCfg = Release|Any CPU
		{5DD3549C-DFAC-4A42-90A4-8E6B4632ABF7}.Release|x64.Build.0 = Release|Any CPU
		{5DD3549C-DFAC-4A42-90A4-8E6B4632ABF7}.Release|x86.ActiveCfg = Release|Any CPU
		{5DD3549C-DFAC-4A42-90A4-8E6B4632ABF7}.Release|x86.Build.0 = Release|Any CPU
		{C4844196-B82A-40B6-AC97-E027549BE893}.Debug|Any CPU.ActiveCfg = Debug|Any CPU
		{C4844196-B82A-40B6-AC97-E027549BE893}.Debug|Any CPU.Build.0 = Debug|Any CPU
		{C4844196-B82A-40B6-AC97-E027549BE893}.Debug|x64.ActiveCfg = Debug|Any CPU
		{C4844196-B82A-40B6-AC97-E027549BE893}.Debug|x64.Build.0 = Debug|Any CPU
		{C4844196-B82A-40B6-AC97-E027549BE893}.Debug|x86.ActiveCfg = Debug|Any CPU
		{C4844196-B82A-40B6-AC97-E027549BE893}.Debug|x86.Build.0 = Debug|Any CPU
		{C4844196-B82A-40B6-AC97-E027549BE893}.Release|Any CPU.ActiveCfg = Release|Any CPU
		{C4844196-B82A-40B6-AC97-E027549BE893}.Release|Any CPU.Build.0 = Release|Any CPU
		{C4844196-B82A-40B6-AC97-E027549BE893}.Release|x64.ActiveCfg = Release|Any CPU
		{C4844196-B82A-40B6-AC97-E027549BE893}.Release|x64.Build.0 = Release|Any CPU
		{C4844196-B82A-40B6-AC97-E027549BE893}.Release|x86.ActiveCfg = Release|Any CPU
		{C4844196-B82A-40B6-AC97-E027549BE893}.Release|x86.Build.0 = Release|Any CPU
	EndGlobalSection
	GlobalSection(SolutionProperties) = preSolution
		HideSolutionNode = FALSE
	EndGlobalSection
	GlobalSection(NestedProjects) = preSolution
		{730FB582-3EBC-417B-BD09-232B857C4E3D} = {86C4706C-589A-4B97-9ADC-9719ACA22FB8}
		{5DD3549C-DFAC-4A42-90A4-8E6B4632ABF7} = {86C4706C-589A-4B97-9ADC-9719ACA22FB8}
		{C4844196-B82A-40B6-AC97-E027549BE893} = {86C4706C-589A-4B97-9ADC-9719ACA22FB8}
		{5A02F05D-374B-4E6A-9A04-41118D95BF05} = {3F157F19-E300-4899-9E32-AF1BB6D5A958}
	EndGlobalSection
	GlobalSection(ExtensibilityGlobals) = postSolution
		SolutionGuid = {17E059D7-8BD4-448A-ACC5-4D87333FE0D4}
	EndGlobalSection
EndGlobal
